
Microsoft Visual Studio Solution File, Format Version 12.00
# Visual Studio Version 17
VisualStudioVersion = 17.0.32126.317
MinimumVisualStudioVersion = 10.0.40219.1
Project("{8BC9CEB8-8B4A-11D0-8D11-00A0C91BC942}") = "Laba 2_OS", "Laba 2_OS\Laba 2_OS.vcxproj", "{79C302A4-8C23-46EB-8692-F50DD2263C4C}"
EndProject
Global
	GlobalSection(SolutionConfigurationPlatforms) = preSolution
		Debug|x64 = Debug|x64
		Debug|x86 = Debug|x86
		Release|x64 = Release|x64
		Release|x86 = Release|x86
	EndGlobalSection
	GlobalSection(ProjectConfigurationPlatforms) = postSolution
		{79C302A4-8C23-46EB-8692-F50DD2263C4C}.Debug|x64.ActiveCfg = Debug|x64
		{79C302A4-8C23-46EB-8692-F50DD2263C4C}.Debug|x64.Build.0 = Debug|x64
		{79C302A4-8C23-46EB-8692-F50DD2263C4C}.Debug|x86.ActiveCfg = Debug|Win32
		{79C302A4-8C23-46EB-8692-F50DD2263C4C}.Debug|x86.Build.0 = Debug|Win32
		{79C302A4-8C23-46EB-8692-F50DD2263C4C}.Release|x64.ActiveCfg = Release|x64
		{79C302A4-8C23-46EB-8692-F50DD2263C4C}.Release|x64.Build.0 = Release|x64
		{79C302A4-8C23-46EB-8692-F50DD2263C4C}.Release|x86.ActiveCfg = Release|Win32
		{79C302A4-8C23-46EB-8692-F50DD2263C4C}.Release|x86.Build.0 = Release|Win32
	EndGlobalSection
	GlobalSection(SolutionProperties) = preSolution
		HideSolutionNode = FALSE
	EndGlobalSection
	GlobalSection(ExtensibilityGlobals) = postSolution
		SolutionGuid = {3F42E276-1C83-4C58-9DA1-12500637D459}
	EndGlobalSection
EndGlobal
